
Microsoft Visual Studio Solution File, Format Version 12.00
# Visual Studio Version 17
VisualStudioVersion = 17.13.35825.156
MinimumVisualStudioVersion = 10.0.40219.1
Project("{FAE04EC0-301F-11D3-BF4B-00C04F79EFBC}") = "AiChef.Server", "Server\AiChef.Server.csproj", "{8C1A43AD-8956-4D37-8140-8C45A3BFAF2B}"
EndProject
Project("{FAE04EC0-301F-11D3-BF4B-00C04F79EFBC}") = "AiChef.Client", "Client\AiChef.Client.csproj", "{60BAF616-83A0-427D-B918-3E960951BF19}"
EndProject
Project("{FAE04EC0-301F-11D3-BF4B-00C04F79EFBC}") = "AiChef.Shared", "Shared\AiChef.Shared.csproj", "{73E84B4D-3D77-418C-8461-10ADEE119344}"
EndProject
Global
	GlobalSection(SolutionConfigurationPlatforms) = preSolution
		Debug|Any CPU = Debug|Any CPU
		Release|Any CPU = Release|Any CPU
	EndGlobalSection
	GlobalSection(ProjectConfigurationPlatforms) = postSolution
		{8C1A43AD-8956-4D37-8140-8C45A3BFAF2B}.Debug|Any CPU.ActiveCfg = Debug|Any CPU
		{8C1A43AD-8956-4D37-8140-8C45A3BFAF2B}.Debug|Any CPU.Build.0 = Debug|Any CPU
		{8C1A43AD-8956-4D37-8140-8C45A3BFAF2B}.Release|Any CPU.ActiveCfg = Release|Any CPU
		{8C1A43AD-8956-4D37-8140-8C45A3BFAF2B}.Release|Any CPU.Build.0 = Release|Any CPU
		{60BAF616-83A0-427D-B918-3E960951BF19}.Debug|Any CPU.ActiveCfg = Debug|Any CPU
		{60BAF616-83A0-427D-B918-3E960951BF19}.Debug|Any CPU.Build.0 = Debug|Any CPU
		{60BAF616-83A0-427D-B918-3E960951BF19}.Release|Any CPU.ActiveCfg = Release|Any CPU
		{60BAF616-83A0-427D-B918-3E960951BF19}.Release|Any CPU.Build.0 = Release|Any CPU
		{73E84B4D-3D77-418C-8461-10ADEE119344}.Debug|Any CPU.ActiveCfg = Debug|Any CPU
		{73E84B4D-3D77-418C-8461-10ADEE119344}.Debug|Any CPU.Build.0 = Debug|Any CPU
		{73E84B4D-3D77-418C-8461-10ADEE119344}.Release|Any CPU.ActiveCfg = Release|Any CPU
		{73E84B4D-3D77-418C-8461-10ADEE119344}.Release|Any CPU.Build.0 = Release|Any CPU
	EndGlobalSection
	GlobalSection(SolutionProperties) = preSolution
		HideSolutionNode = FALSE
	EndGlobalSection
	GlobalSection(ExtensibilityGlobals) = postSolution
		SolutionGuid = {B43332F4-6343-4354-A3A9-B88E464F85DF}
	EndGlobalSection
EndGlobal
